
Microsoft Visual Studio Solution File, Format Version 12.00
# Visual Studio 2012
Project("{F184B08F-C81C-45F6-A57F-5ABD9991F28F}") = "PWM_DEBUG", "HMI_DEBUG\PWM_DEBUG.vbproj", "{0CC8BD37-365C-4EC2-8E61-50AD7441771C}"
EndProject
Global
	GlobalSection(SolutionConfigurationPlatforms) = preSolution
		Debug|Any CPU = Debug|Any CPU
		Release|Any CPU = Release|Any CPU
	EndGlobalSection
	GlobalSection(ProjectConfigurationPlatforms) = postSolution
		{0CC8BD37-365C-4EC2-8E61-50AD7441771C}.Debug|Any CPU.ActiveCfg = Debug|Any CPU
		{0CC8BD37-365C-4EC2-8E61-50AD7441771C}.Debug|Any CPU.Build.0 = Debug|Any CPU
		{0CC8BD37-365C-4EC2-8E61-50AD7441771C}.Release|Any CPU.ActiveCfg = Release|Any CPU
		{0CC8BD37-365C-4EC2-8E61-50AD7441771C}.Release|Any CPU.Build.0 = Release|Any CPU
	EndGlobalSection
	GlobalSection(SolutionProperties) = preSolution
		HideSolutionNode = FALSE
	EndGlobalSection
EndGlobal
